// !$*UTF8*$!
{
	archiveVersion = 1;
	classes = {
	};
	objectVersion = 46;
	objects = {

/* Begin PBXBuildFile section */
		4797021C1F16A97600EABF33 /* AppDelegate.swift in Sources */ = {isa = PBXBuildFile; fileRef = 4797021B1F16A97600EABF33 /* AppDelegate.swift */; };
		4797021E1F16A97600EABF33 /* ViewController.swift in Sources */ = {isa = PBXBuildFile; fileRef = 4797021D1F16A97600EABF33 /* ViewController.swift */; };
		479702211F16A97600EABF33 /* Main.storyboard in Resources */ = {isa = PBXBuildFile; fileRef = 4797021F1F16A97600EABF33 /* Main.storyboard */; };
		479702241F16A97600EABF33 /* UICollectionViewTutorial.xcdatamodeld in Sources */ = {isa = PBXBuildFile; fileRef = 479702221F16A97600EABF33 /* UICollectionViewTutorial.xcdatamodeld */; };
		479702261F16A97600EABF33 /* Assets.xcassets in Resources */ = {isa = PBXBuildFile; fileRef = 479702251F16A97600EABF33 /* Assets.xcassets */; };
		479702291F16A97600EABF33 /* LaunchScreen.storyboard in Resources */ = {isa = PBXBuildFile; fileRef = 479702271F16A97600EABF33 /* LaunchScreen.storyboard */; };
		479702341F16A97600EABF33 /* UICollectionViewTutorialTests.swift in Sources */ = {isa = PBXBuildFile; fileRef = 479702331F16A97600EABF33 /* UICollectionViewTutorialTests.swift */; };
		4797023F1F16A97700EABF33 /* UICollectionViewTutorialUITests.swift in Sources */ = {isa = PBXBuildFile; fileRef = 4797023E1F16A97700EABF33 /* UICollectionViewTutorialUITests.swift */; };
/* End PBXBuildFile section */

/* Begin PBXContainerItemProxy section */
		479702301F16A97600EABF33 /* PBXContainerItemProxy */ = {
			isa = PBXContainerItemProxy;
			containerPortal = 479702101F16A97600EABF33 /* Project object */;
			proxyType = 1;
			remoteGlobalIDString = 479702171F16A97600EABF33;
			remoteInfo = UICollectionViewTutorial;
		};
		4797023B1F16A97700EABF33 /* PBXContainerItemProxy */ = {
			isa = PBXContainerItemProxy;
			containerPortal = 479702101F16A97600EABF33 /* Project object */;
			proxyType = 1;
			remoteGlobalIDString = 479702171F16A97600EABF33;
			remoteInfo = UICollectionViewTutorial;
		};
/* End PBXContainerItemProxy section */

/* Begin PBXFileReference section */
		479702181F16A97600EABF33 /* UICollectionViewTutorial.app */ = {isa = PBXFileReference; explicitFileType = wrapper.application; includeInIndex = 0; path = UICollectionViewTutorial.app; sourceTree = BUILT_PRODUCTS_DIR; };
		4797021B1F16A97600EABF33 /* AppDelegate.swift */ = {isa = PBXFileReference; lastKnownFileType = sourcecode.swift; path = AppDelegate.swift; sourceTree = "<group>"; };
		4797021D1F16A97600EABF33 /* ViewController.swift */ = {isa = PBXFileReference; lastKnownFileType = sourcecode.swift; path = ViewController.swift; sourceTree = "<group>"; };
		479702201F16A97600EABF33 /* Base */ = {isa = PBXFileReference; lastKnownFileType = file.storyboard; name = Base; path = Base.lproj/Main.storyboard; sourceTree = "<group>"; };
		479702231F16A97600EABF33 /* UICollectionViewTutorial.xcdatamodel */ = {isa = PBXFileReference; lastKnownFileType = wrapper.xcdatamodel; path = UICollectionViewTutorial.xcdatamodel; sourceTree = "<group>"; };
		479702251F16A97600EABF33 /* Assets.xcassets */ = {isa = PBXFileReference; lastKnownFileType = folder.assetcatalog; path = Assets.xcassets; sourceTree = "<group>"; };
		479702281F16A97600EABF33 /* Base */ = {isa = PBXFileReference; lastKnownFileType = file.storyboard; name = Base; path = Base.lproj/LaunchScreen.storyboard; sourceTree = "<group>"; };
		4797022A1F16A97600EABF33 /* Info.plist */ = {isa = PBXFileReference; lastKnownFileType = text.plist.xml; path = Info.plist; sourceTree = "<group>"; };
		4797022F1F16A97600EABF33 /* UICollectionViewTutorialTests.xctest */ = {isa = PBXFileReference; explicitFileType = wrapper.cfbundle; includeInIndex = 0; path = UICollectionViewTutorialTests.xctest; sourceTree = BUILT_PRODUCTS_DIR; };
		479702331F16A97600EABF33 /* UICollectionViewTutorialTests.swift */ = {isa = PBXFileReference; lastKnownFileType = sourcecode.swift; path = UICollectionViewTutorialTests.swift; sourceTree = "<group>"; };
		479702351F16A97700EABF33 /* Info.plist */ = {isa = PBXFileReference; lastKnownFileType = text.plist.xml; path = Info.plist; sourceTree = "<group>"; };
		4797023A1F16A97700EABF33 /* UICollectionViewTutorialUITests.xctest */ = {isa = PBXFileReference; explicitFileType = wrapper.cfbundle; includeInIndex = 0; path = UICollectionViewTutorialUITests.xctest; sourceTree = BUILT_PRODUCTS_DIR; };
		4797023E1F16A97700EABF33 /* UICollectionViewTutorialUITests.swift */ = {isa = PBXFileReference; lastKnownFileType = sourcecode.swift; path = UICollectionViewTutorialUITests.swift; sourceTree = "<group>"; };
		479702401F16A97700EABF33 /* Info.plist */ = {isa = PBXFileReference; lastKnownFileType = text.plist.xml; path = Info.plist; sourceTree = "<group>"; };
/* End PBXFileReference section */

/* Begin PBXFrameworksBuildPhase section */
		479702151F16A97600EABF33 /* Frameworks */ = {
			isa = PBXFrameworksBuildPhase;
			buildActionMask = 2147483647;
			files = (
			);
			runOnlyForDeploymentPostprocessing = 0;
		};
		4797022C1F16A97600EABF33 /* Frameworks */ = {
			isa = PBXFrameworksBuildPhase;
			buildActionMask = 2147483647;
			files = (
			);
			runOnlyForDeploymentPostprocessing = 0;
		};
		479702371F16A97700EABF33 /* Frameworks */ = {
			isa = PBXFrameworksBuildPhase;
			buildActionMask = 2147483647;
			files = (
			);
			runOnlyForDeploymentPostprocessing = 0;
		};
/* End PBXFrameworksBuildPhase section */

/* Begin PBXGroup section */
		4797020F1F16A97600EABF33 = {
			isa = PBXGroup;
			children = (
				4797021A1F16A97600EABF33 /* UICollectionViewTutorial */,
				479702321F16A97600EABF33 /* UICollectionViewTutorialTests */,
				4797023D1F16A97700EABF33 /* UICollectionViewTutorialUITests */,
				479702191F16A97600EABF33 /* Products */,
			);
			sourceTree = "<group>";
		};
		479702191F16A97600EABF33 /* Products */ = {
			isa = PBXGroup;
			children = (
				479702181F16A97600EABF33 /* UICollectionViewTutorial.app */,
				4797022F1F16A97600EABF33 /* UICollectionViewTutorialTests.xctest */,
				4797023A1F16A97700EABF33 /* UICollectionViewTutorialUITests.xctest */,
			);
			name = Products;
			sourceTree = "<group>";
		};
		4797021A1F16A97600EABF33 /* UICollectionViewTutorial */ = {
			isa = PBXGroup;
			children = (
				4797021B1F16A97600EABF33 /* AppDelegate.swift */,
				4797021D1F16A97600EABF33 /* ViewController.swift */,
				4797021F1F16A97600EABF33 /* Main.storyboard */,
				479702251F16A97600EABF33 /* Assets.xcassets */,
				479702271F16A97600EABF33 /* LaunchScreen.storyboard */,
				4797022A1F16A97600EABF33 /* Info.plist */,
				479702221F16A97600EABF33 /* UICollectionViewTutorial.xcdatamodeld */,
			);
			path = UICollectionViewTutorial;
			sourceTree = "<group>";
		};
		479702321F16A97600EABF33 /* UICollectionViewTutorialTests */ = {
			isa = PBXGroup;
			children = (
				479702331F16A97600EABF33 /* UICollectionViewTutorialTests.swift */,
				479702351F16A97700EABF33 /* Info.plist */,
			);
			path = UICollectionViewTutorialTests;
			sourceTree = "<group>";
		};
		4797023D1F16A97700EABF33 /* UICollectionViewTutorialUITests */ = {
			isa = PBXGroup;
			children = (
				4797023E1F16A97700EABF33 /* UICollectionViewTutorialUITests.swift */,
				479702401F16A97700EABF33 /* Info.plist */,
			);
			path = UICollectionViewTutorialUITests;
			sourceTree = "<group>";
		};
/* End PBXGroup section */

/* Begin PBXNativeTarget section */
		479702171F16A97600EABF33 /* UICollectionViewTutorial */ = {
			isa = PBXNativeTarget;
			buildConfigurationList = 479702431F16A97700EABF33 /* Build configuration list for PBXNativeTarget "UICollectionViewTutorial" */;
			buildPhases = (
				479702141F16A97600EABF33 /* Sources */,
				479702151F16A97600EABF33 /* Frameworks */,
				479702161F16A97600EABF33 /* Resources */,
			);
			buildRules = (
			);
			dependencies = (
			);
			name = UICollectionViewTutorial;
			productName = UICollectionViewTutorial;
			productReference = 479702181F16A97600EABF33 /* UICollectionViewTutorial.app */;
			productType = "com.apple.product-type.application";
		};
		4797022E1F16A97600EABF33 /* UICollectionViewTutorialTests */ = {
			isa = PBXNativeTarget;
			buildConfigurationList = 479702461F16A97700EABF33 /* Build configuration list for PBXNativeTarget "UICollectionViewTutorialTests" */;
			buildPhases = (
				4797022B1F16A97600EABF33 /* Sources */,
				4797022C1F16A97600EABF33 /* Frameworks */,
				4797022D1F16A97600EABF33 /* Resources */,
			);
			buildRules = (
			);
			dependencies = (
				479702311F16A97600EABF33 /* PBXTargetDependency */,
			);
			name = UICollectionViewTutorialTests;
			productName = UICollectionViewTutorialTests;
			productReference = 4797022F1F16A97600EABF33 /* UICollectionViewTutorialTests.xctest */;
			productType = "com.apple.product-type.bundle.unit-test";
		};
		479702391F16A97700EABF33 /* UICollectionViewTutorialUITests */ = {
			isa = PBXNativeTarget;
			buildConfigurationList = 479702491F16A97700EABF33 /* Build configuration list for PBXNativeTarget "UICollectionViewTutorialUITests" */;
			buildPhases = (
				479702361F16A97700EABF33 /* Sources */,
				479702371F16A97700EABF33 /* Frameworks */,
				479702381F16A97700EABF33 /* Resources */,
			);
			buildRules = (
			);
			dependencies = (
				4797023C1F16A97700EABF33 /* PBXTargetDependency */,
			);
			name = UICollectionViewTutorialUITests;
			productName = UICollectionViewTutorialUITests;
			productReference = 4797023A1F16A97700EABF33 /* UICollectionViewTutorialUITests.xctest */;
			productType = "com.apple.product-type.bundle.ui-testing";
		};
/* End PBXNativeTarget section */

/* Begin PBXProject section */
		479702101F16A97600EABF33 /* Project object */ = {
			isa = PBXProject;
			attributes = {
				LastSwiftUpdateCheck = 0830;
				LastUpgradeCheck = 0830;
				ORGANIZATIONNAME = "Vedi Chaudhri";
				TargetAttributes = {
					479702171F16A97600EABF33 = {
						CreatedOnToolsVersion = 8.3.3;
						ProvisioningStyle = Automatic;
					};
					4797022E1F16A97600EABF33 = {
						CreatedOnToolsVersion = 8.3.3;
						ProvisioningStyle = Automatic;
						TestTargetID = 479702171F16A97600EABF33;
					};
					479702391F16A97700EABF33 = {
						CreatedOnToolsVersion = 8.3.3;
						ProvisioningStyle = Automatic;
						TestTargetID = 479702171F16A97600EABF33;
					};
				};
			};
			buildConfigurationList = 479702131F16A97600EABF33 /* Build configuration list for PBXProject "UICollectionViewTutorial" */;
			compatibilityVersion = "Xcode 3.2";
			developmentRegion = English;
			hasScannedForEncodings = 0;
			knownRegions = (
				en,
				Base,
			);
			mainGroup = 4797020F1F16A97600EABF33;
			productRefGroup = 479702191F16A97600EABF33 /* Products */;
			projectDirPath = "";
			projectRoot = "";
			targets = (
				479702171F16A97600EABF33 /* UICollectionViewTutorial */,
				4797022E1F16A97600EABF33 /* UICollectionViewTutorialTests */,
				479702391F16A97700EABF33 /* UICollectionViewTutorialUITests */,
			);
		};
/* End PBXProject section */

/* Begin PBXResourcesBuildPhase section */
		479702161F16A97600EABF33 /* Resources */ = {
			isa = PBXResourcesBuildPhase;
			buildActionMask = 2147483647;
			files = (
				479702291F16A97600EABF33 /* LaunchScreen.storyboard in Resources */,
				479702261F16A97600EABF33 /* Assets.xcassets in Resources */,
				479702211F16A97600EABF33 /* Main.storyboard in Resources */,
			);
			runOnlyForDeploymentPostprocessing = 0;
		};
		4797022D1F16A97600EABF33 /* Resources */ = {
			isa = PBXResourcesBuildPhase;
			buildActionMask = 2147483647;
			files = (
			);
			runOnlyForDeploymentPostprocessing = 0;
		};
		479702381F16A97700EABF33 /* Resources */ = {
			isa = PBXResourcesBuildPhase;
			buildActionMask = 2147483647;
			files = (
			);
			runOnlyForDeploymentPostprocessing = 0;
		};
/* End PBXResourcesBuildPhase section */

/* Begin PBXSourcesBuildPhase section */
		479702141F16A97600EABF33 /* Sources */ = {
			isa = PBXSourcesBuildPhase;
			buildActionMask = 2147483647;
			files = (
				4797021E1F16A97600EABF33 /* ViewController.swift in Sources */,
				4797021C1F16A97600EABF33 /* AppDelegate.swift in Sources */,
				479702241F16A97600EABF33 /* UICollectionViewTutorial.xcdatamodeld in Sources */,
			);
			runOnlyForDeploymentPostprocessing = 0;
		};
		4797022B1F16A97600EABF33 /* Sources */ = {
			isa = PBXSourcesBuildPhase;
			buildActionMask = 2147483647;
			files = (
				479702341F16A97600EABF33 /* UICollectionViewTutorialTests.swift in Sources */,
			);
			runOnlyForDeploymentPostprocessing = 0;
		};
		479702361F16A97700EABF33 /* Sources */ = {
			isa = PBXSourcesBuildPhase;
			buildActionMask = 2147483647;
			files = (
				4797023F1F16A97700EABF33 /* UICollectionViewTutorialUITests.swift in Sources */,
			);
			runOnlyForDeploymentPostprocessing = 0;
		};
/* End PBXSourcesBuildPhase section */

/* Begin PBXTargetDependency section */
		479702311F16A97600EABF33 /* PBXTargetDependency */ = {
			isa = PBXTargetDependency;
			target = 479702171F16A97600EABF33 /* UICollectionViewTutorial */;
			targetProxy = 479702301F16A97600EABF33 /* PBXContainerItemProxy */;
		};
		4797023C1F16A97700EABF33 /* PBXTargetDependency */ = {
			isa = PBXTargetDependency;
			target = 479702171F16A97600EABF33 /* UICollectionViewTutorial */;
			targetProxy = 4797023B1F16A97700EABF33 /* PBXContainerItemProxy */;
		};
/* End PBXTargetDependency section */

/* Begin PBXVariantGroup section */
		4797021F1F16A97600EABF33 /* Main.storyboard */ = {
			isa = PBXVariantGroup;
			children = (
				479702201F16A97600EABF33 /* Base */,
			);
			name = Main.storyboard;
			sourceTree = "<group>";
		};
		479702271F16A97600EABF33 /* LaunchScreen.storyboard */ = {
			isa = PBXVariantGroup;
			children = (
				479702281F16A97600EABF33 /* Base */,
			);
			name = LaunchScreen.storyboard;
			sourceTree = "<group>";
		};
/* End PBXVariantGroup section */

/* Begin XCBuildConfiguration section */
		479702411F16A97700EABF33 /* Debug */ = {
			isa = XCBuildConfiguration;
			buildSettings = {
				ALWAYS_SEARCH_USER_PATHS = NO;
				CLANG_ANALYZER_NONNULL = YES;
				CLANG_ANALYZER_NUMBER_OBJECT_CONVERSION = YES_AGGRESSIVE;
				CLANG_CXX_LANGUAGE_STANDARD = "gnu++0x";
				CLANG_CXX_LIBRARY = "libc++";
				CLANG_ENABLE_MODULES = YES;
				CLANG_ENABLE_OBJC_ARC = YES;
				CLANG_WARN_BOOL_CONVERSION = YES;
				CLANG_WARN_CONSTANT_CONVERSION = YES;
				CLANG_WARN_DIRECT_OBJC_ISA_USAGE = YES_ERROR;
				CLANG_WARN_DOCUMENTATION_COMMENTS = YES;
				CLANG_WARN_EMPTY_BODY = YES;
				CLANG_WARN_ENUM_CONVERSION = YES;
				CLANG_WARN_INFINITE_RECURSION = YES;
				CLANG_WARN_INT_CONVERSION = YES;
				CLANG_WARN_OBJC_ROOT_CLASS = YES_ERROR;
				CLANG_WARN_SUSPICIOUS_MOVE = YES;
				CLANG_WARN_UNREACHABLE_CODE = YES;
				CLANG_WARN__DUPLICATE_METHOD_MATCH = YES;
				"CODE_SIGN_IDENTITY[sdk=iphoneos*]" = "iPhone Developer";
				COPY_PHASE_STRIP = NO;
				DEBUG_INFORMATION_FORMAT = dwarf;
				ENABLE_STRICT_OBJC_MSGSEND = YES;
				ENABLE_TESTABILITY = YES;
				GCC_C_LANGUAGE_STANDARD = gnu99;
				GCC_DYNAMIC_NO_PIC = NO;
				GCC_NO_COMMON_BLOCKS = YES;
				GCC_OPTIMIZATION_LEVEL = 0;
				GCC_PREPROCESSOR_DEFINITIONS = (
					"DEBUG=1",
					"$(inherited)",
				);
				GCC_WARN_64_TO_32_BIT_CONVERSION = YES;
				GCC_WARN_ABOUT_RETURN_TYPE = YES_ERROR;
				GCC_WARN_UNDECLARED_SELECTOR = YES;
				GCC_WARN_UNINITIALIZED_AUTOS = YES_AGGRESSIVE;
				GCC_WARN_UNUSED_FUNCTION = YES;
				GCC_WARN_UNUSED_VARIABLE = YES;
				IPHONEOS_DEPLOYMENT_TARGET = 10.3;
				MTL_ENABLE_DEBUG_INFO = YES;
				ONLY_ACTIVE_ARCH = YES;
				SDKROOT = iphoneos;
				SWIFT_ACTIVE_COMPILATION_CONDITIONS = DEBUG;
				SWIFT_OPTIMIZATION_LEVEL = "-Onone";
				TARGETED_DEVICE_FAMILY = "1,2";
			};
			name = Debug;
		};
		479702421F16A97700EABF33 /* Release */ = {
			isa = XCBuildConfiguration;
			buildSettings = {
				ALWAYS_SEARCH_USER_PATHS = NO;
				CLANG_ANALYZER_NONNULL = YES;
				CLANG_ANALYZER_NUMBER_OBJECT_CONVERSION = YES_AGGRESSIVE;
				CLANG_CXX_LANGUAGE_STANDARD = "gnu++0x";
				CLANG_CXX_LIBRARY = "libc++";
				CLANG_ENABLE_MODULES = YES;
				CLANG_ENABLE_OBJC_ARC = YES;
				CLANG_WARN_BOOL_CONVERSION = YES;
				CLANG_WARN_CONSTANT_CONVERSION = YES;
				CLANG_WARN_DIRECT_OBJC_ISA_USAGE = YES_ERROR;
				CLANG_WARN_DOCUMENTATION_COMMENTS = YES;
				CLANG_WARN_EMPTY_BODY = YES;
				CLANG_WARN_ENUM_CONVERSION = YES;
				CLANG_WARN_INFINITE_RECURSION = YES;
				CLANG_WARN_INT_CONVERSION = YES;
				CLANG_WARN_OBJC_ROOT_CLASS = YES_ERROR;
				CLANG_WARN_SUSPICIOUS_MOVE = YES;
				CLANG_WARN_UNREACHABLE_CODE = YES;
				CLANG_WARN__DUPLICATE_METHOD_MATCH = YES;
				"CODE_SIGN_IDENTITY[sdk=iphoneos*]" = "iPhone Developer";
				COPY_PHASE_STRIP = NO;
				DEBUG_INFORMATION_FORMAT = "dwarf-with-dsym";
				ENABLE_NS_ASSERTIONS = NO;
				ENABLE_STRICT_OBJC_MSGSEND = YES;
				GCC_C_LANGUAGE_STANDARD = gnu99;
				GCC_NO_COMMON_BLOCKS = YES;
				GCC_WARN_64_TO_32_BIT_CONVERSION = YES;
				GCC_WARN_ABOUT_RETURN_TYPE = YES_ERROR;
				GCC_WARN_UNDECLARED_SELECTOR = YES;
				GCC_WARN_UNINITIALIZED_AUTOS = YES_AGGRESSIVE;
				GCC_WARN_UNUSED_FUNCTION = YES;
				GCC_WARN_UNUSED_VARIABLE = YES;
				IPHONEOS_DEPLOYMENT_TARGET = 10.3;
				MTL_ENABLE_DEBUG_INFO = NO;
				SDKROOT = iphoneos;
				SWIFT_OPTIMIZATION_LEVEL = "-Owholemodule";
				TARGETED_DEVICE_FAMILY = "1,2";
				VALIDATE_PRODUCT = YES;
			};
			name = Release;
		};
		479702441F16A97700EABF33 /* Debug */ = {
			isa = XCBuildConfiguration;
			buildSettings = {
				ASSETCATALOG_COMPILER_APPICON_NAME = AppIcon;
				INFOPLIST_FILE = UICollectionViewTutorial/Info.plist;
				LD_RUNPATH_SEARCH_PATHS = "$(inherited) @executable_path/Frameworks";
				PRODUCT_BUNDLE_IDENTIFIER = "com.swift-app.UICollectionViewTutorial";
				PRODUCT_NAME = "$(TARGET_NAME)";
				SWIFT_VERSION = 3.0;
			};
			name = Debug;
		};
		479702451F16A97700EABF33 /* Release */ = {
			isa = XCBuildConfiguration;
			buildSettings = {
				ASSETCATALOG_COMPILER_APPICON_NAME = AppIcon;
				INFOPLIST_FILE = UICollectionViewTutorial/Info.plist;
				LD_RUNPATH_SEARCH_PATHS = "$(inherited) @executable_path/Frameworks";
				PRODUCT_BUNDLE_IDENTIFIER = "com.swift-app.UICollectionViewTutorial";
				PRODUCT_NAME = "$(TARGET_NAME)";
				SWIFT_VERSION = 3.0;
			};
			name = Release;
		};
		479702471F16A97700EABF33 /* Debug */ = {
			isa = XCBuildConfiguration;
			buildSettings = {
				ALWAYS_EMBED_SWIFT_STANDARD_LIBRARIES = YES;
				BUNDLE_LOADER = "$(TEST_HOST)";
				INFOPLIST_FILE = UICollectionViewTutorialTests/Info.plist;
				LD_RUNPATH_SEARCH_PATHS = "$(inherited) @executable_path/Frameworks @loader_path/Frameworks";
				PRODUCT_BUNDLE_IDENTIFIER = "com.swift-app.UICollectionViewTutorialTests";
				PRODUCT_NAME = "$(TARGET_NAME)";
				SWIFT_VERSION = 3.0;
				TEST_HOST = "$(BUILT_PRODUCTS_DIR)/UICollectionViewTutorial.app/UICollectionViewTutorial";
			};
			name = Debug;
		};
		479702481F16A97700EABF33 /* Release */ = {
			isa = XCBuildConfiguration;
			buildSettings = {
				ALWAYS_EMBED_SWIFT_STANDARD_LIBRARIES = YES;
				BUNDLE_LOADER = "$(TEST_HOST)";
				INFOPLIST_FILE = UICollectionViewTutorialTests/Info.plist;
				LD_RUNPATH_SEARCH_PATHS = "$(inherited) @executable_path/Frameworks @loader_path/Frameworks";
				PRODUCT_BUNDLE_IDENTIFIER = "com.swift-app.UICollectionViewTutorialTests";
				PRODUCT_NAME = "$(TARGET_NAME)";
				SWIFT_VERSION = 3.0;
				TEST_HOST = "$(BUILT_PRODUCTS_DIR)/UICollectionViewTutorial.app/UICollectionViewTutorial";
			};
			name = Release;
		};
		4797024A1F16A97700EABF33 /* Debug */ = {
			isa = XCBuildConfiguration;
			buildSettings = {
				ALWAYS_EMBED_SWIFT_STANDARD_LIBRARIES = YES;
				INFOPLIST_FILE = UICollectionViewTutorialUITests/Info.plist;
				LD_RUNPATH_SEARCH_PATHS = "$(inherited) @executable_path/Frameworks @loader_path/Frameworks";
				PRODUCT_BUNDLE_IDENTIFIER = "com.swift-app.UICollectionViewTutorialUITests";
				PRODUCT_NAME = "$(TARGET_NAME)";
				SWIFT_VERSION = 3.0;
				TEST_TARGET_NAME = UICollectionViewTutorial;
			};
			name = Debug;
		};
		4797024B1F16A97700EABF33 /* Release */ = {
			isa = XCBuildConfiguration;
			buildSettings = {
				ALWAYS_EMBED_SWIFT_STANDARD_LIBRARIES = YES;
				INFOPLIST_FILE = UICollectionViewTutorialUITests/Info.plist;
				LD_RUNPATH_SEARCH_PATHS = "$(inherited) @executable_path/Frameworks @loader_path/Frameworks";
				PRODUCT_BUNDLE_IDENTIFIER = "com.swift-app.UICollectionViewTutorialUITests";
				PRODUCT_NAME = "$(TARGET_NAME)";
				SWIFT_VERSION = 3.0;
				TEST_TARGET_NAME = UICollectionViewTutorial;
			};
			name = Release;
		};
/* End XCBuildConfiguration section */

/* Begin XCConfigurationList section */
		479702131F16A97600EABF33 /* Build configuration list for PBXProject "UICollectionViewTutorial" */ = {
			isa = XCConfigurationList;
			buildConfigurations = (
				479702411F16A97700EABF33 /* Debug */,
				479702421F16A97700EABF33 /* Release */,
			);
			defaultConfigurationIsVisible = 0;
			defaultConfigurationName = Release;
		};
		479702431F16A97700EABF33 /* Build configuration list for PBXNativeTarget "UICollectionViewTutorial" */ = {
			isa = XCConfigurationList;
			buildConfigurations = (
				479702441F16A97700EABF33 /* Debug */,
				479702451F16A97700EABF33 /* Release */,
			);
			defaultConfigurationIsVisible = 0;
		};
		479702461F16A97700EABF33 /* Build configuration list for PBXNativeTarget "UICollectionViewTutorialTests" */ = {
			isa = XCConfigurationList;
			buildConfigurations = (
				479702471F16A97700EABF33 /* Debug */,
				479702481F16A97700EABF33 /* Release */,
			);
			defaultConfigurationIsVisible = 0;
		};
		479702491F16A97700EABF33 /* Build configuration list for PBXNativeTarget "UICollectionViewTutorialUITests" */ = {
			isa = XCConfigurationList;
			buildConfigurations = (
				4797024A1F16A97700EABF33 /* Debug */,
				4797024B1F16A97700EABF33 /* Release */,
			);
			defaultConfigurationIsVisible = 0;
		};
/* End XCConfigurationList section */

/* Begin XCVersionGroup section */
		479702221F16A97600EABF33 /* UICollectionViewTutorial.xcdatamodeld */ = {
			isa = XCVersionGroup;
			children = (
				479702231F16A97600EABF33 /* UICollectionViewTutorial.xcdatamodel */,
			);
			currentVersion = 479702231F16A97600EABF33 /* UICollectionViewTutorial.xcdatamodel */;
			path = UICollectionViewTutorial.xcdatamodeld;
			sourceTree = "<group>";
			versionGroupType = wrapper.xcdatamodel;
		};
/* End XCVersionGroup section */
	};
	rootObject = 479702101F16A97600EABF33 /* Project object */;
}
